// !$*UTF8*$!
{
	archiveVersion = 1;
	classes = {
	};
	objectVersion = 50;
	objects = {

/* Begin PBXBuildFile section */
		4E464F1D247636AA000E1796 /* AppDelegate.swift in Sources */ = {isa = PBXBuildFile; fileRef = 4E464F1C247636AA000E1796 /* AppDelegate.swift */; };
		4E464F1F247636AA000E1796 /* SceneDelegate.swift in Sources */ = {isa = PBXBuildFile; fileRef = 4E464F1E247636AA000E1796 /* SceneDelegate.swift */; };
		4E464F21247636AA000E1796 /* ContentView.swift in Sources */ = {isa = PBXBuildFile; fileRef = 4E464F20247636AA000E1796 /* ContentView.swift */; };
		4E464F23247636AB000E1796 /* Assets.xcassets in Resources */ = {isa = PBXBuildFile; fileRef = 4E464F22247636AB000E1796 /* Assets.xcassets */; };
		4E464F26247636AB000E1796 /* Preview Assets.xcassets in Resources */ = {isa = PBXBuildFile; fileRef = 4E464F25247636AB000E1796 /* Preview Assets.xcassets */; };
		4E464F29247636AB000E1796 /* LaunchScreen.storyboard in Resources */ = {isa = PBXBuildFile; fileRef = 4E464F27247636AB000E1796 /* LaunchScreen.storyboard */; };
		4E464F34247636AB000E1796 /* StonksTests.swift in Sources */ = {isa = PBXBuildFile; fileRef = 4E464F33247636AB000E1796 /* StonksTests.swift */; };
		4E464F3F247636AB000E1796 /* StonksUITests.swift in Sources */ = {isa = PBXBuildFile; fileRef = 4E464F3E247636AB000E1796 /* StonksUITests.swift */; };
		4E464F4D247636CD000E1796 /* StockAPI.swift in Sources */ = {isa = PBXBuildFile; fileRef = 4E464F4C247636CD000E1796 /* StockAPI.swift */; };
/* End PBXBuildFile section */

/* Begin PBXContainerItemProxy section */
		4E464F30247636AB000E1796 /* PBXContainerItemProxy */ = {
			isa = PBXContainerItemProxy;
			containerPortal = 4E464F11247636AA000E1796 /* Project object */;
			proxyType = 1;
			remoteGlobalIDString = 4E464F18247636AA000E1796;
			remoteInfo = Stonks;
		};
		4E464F3B247636AB000E1796 /* PBXContainerItemProxy */ = {
			isa = PBXContainerItemProxy;
			containerPortal = 4E464F11247636AA000E1796 /* Project object */;
			proxyType = 1;
			remoteGlobalIDString = 4E464F18247636AA000E1796;
			remoteInfo = Stonks;
		};
/* End PBXContainerItemProxy section */

/* Begin PBXFileReference section */
		4E464F19247636AA000E1796 /* Stonks.app */ = {isa = PBXFileReference; explicitFileType = wrapper.application; includeInIndex = 0; path = Stonks.app; sourceTree = BUILT_PRODUCTS_DIR; };
		4E464F1C247636AA000E1796 /* AppDelegate.swift */ = {isa = PBXFileReference; lastKnownFileType = sourcecode.swift; path = AppDelegate.swift; sourceTree = "<group>"; };
		4E464F1E247636AA000E1796 /* SceneDelegate.swift */ = {isa = PBXFileReference; lastKnownFileType = sourcecode.swift; path = SceneDelegate.swift; sourceTree = "<group>"; };
		4E464F20247636AA000E1796 /* ContentView.swift */ = {isa = PBXFileReference; lastKnownFileType = sourcecode.swift; path = ContentView.swift; sourceTree = "<group>"; };
		4E464F22247636AB000E1796 /* Assets.xcassets */ = {isa = PBXFileReference; lastKnownFileType = folder.assetcatalog; path = Assets.xcassets; sourceTree = "<group>"; };
		4E464F25247636AB000E1796 /* Preview Assets.xcassets */ = {isa = PBXFileReference; lastKnownFileType = folder.assetcatalog; path = "Preview Assets.xcassets"; sourceTree = "<group>"; };
		4E464F28247636AB000E1796 /* Base */ = {isa = PBXFileReference; lastKnownFileType = file.storyboard; name = Base; path = Base.lproj/LaunchScreen.storyboard; sourceTree = "<group>"; };
		4E464F2A247636AB000E1796 /* Info.plist */ = {isa = PBXFileReference; lastKnownFileType = text.plist.xml; path = Info.plist; sourceTree = "<group>"; };
		4E464F2F247636AB000E1796 /* StonksTests.xctest */ = {isa = PBXFileReference; explicitFileType = wrapper.cfbundle; includeInIndex = 0; path = StonksTests.xctest; sourceTree = BUILT_PRODUCTS_DIR; };
		4E464F33247636AB000E1796 /* StonksTests.swift */ = {isa = PBXFileReference; lastKnownFileType = sourcecode.swift; path = StonksTests.swift; sourceTree = "<group>"; };
		4E464F35247636AB000E1796 /* Info.plist */ = {isa = PBXFileReference; lastKnownFileType = text.plist.xml; path = Info.plist; sourceTree = "<group>"; };
		4E464F3A247636AB000E1796 /* StonksUITests.xctest */ = {isa = PBXFileReference; explicitFileType = wrapper.cfbundle; includeInIndex = 0; path = StonksUITests.xctest; sourceTree = BUILT_PRODUCTS_DIR; };
		4E464F3E247636AB000E1796 /* StonksUITests.swift */ = {isa = PBXFileReference; lastKnownFileType = sourcecode.swift; path = StonksUITests.swift; sourceTree = "<group>"; };
		4E464F40247636AB000E1796 /* Info.plist */ = {isa = PBXFileReference; lastKnownFileType = text.plist.xml; path = Info.plist; sourceTree = "<group>"; };
		4E464F4C247636CD000E1796 /* StockAPI.swift */ = {isa = PBXFileReference; lastKnownFileType = sourcecode.swift; path = StockAPI.swift; sourceTree = "<group>"; };
/* End PBXFileReference section */

/* Begin PBXFrameworksBuildPhase section */
		4E464F16247636AA000E1796 /* Frameworks */ = {
			isa = PBXFrameworksBuildPhase;
			buildActionMask = 2147483647;
			files = (
			);
			runOnlyForDeploymentPostprocessing = 0;
		};
		4E464F2C247636AB000E1796 /* Frameworks */ = {
			isa = PBXFrameworksBuildPhase;
			buildActionMask = 2147483647;
			files = (
			);
			runOnlyForDeploymentPostprocessing = 0;
		};
		4E464F37247636AB000E1796 /* Frameworks */ = {
			isa = PBXFrameworksBuildPhase;
			buildActionMask = 2147483647;
			files = (
			);
			runOnlyForDeploymentPostprocessing = 0;
		};
/* End PBXFrameworksBuildPhase section */

/* Begin PBXGroup section */
		4E464F10247636AA000E1796 = {
			isa = PBXGroup;
			children = (
				4E464F1B247636AA000E1796 /* Stonks */,
				4E464F32247636AB000E1796 /* StonksTests */,
				4E464F3D247636AB000E1796 /* StonksUITests */,
				4E464F1A247636AA000E1796 /* Products */,
			);
			sourceTree = "<group>";
		};
		4E464F1A247636AA000E1796 /* Products */ = {
			isa = PBXGroup;
			children = (
				4E464F19247636AA000E1796 /* Stonks.app */,
				4E464F2F247636AB000E1796 /* StonksTests.xctest */,
				4E464F3A247636AB000E1796 /* StonksUITests.xctest */,
			);
			name = Products;
			sourceTree = "<group>";
		};
		4E464F1B247636AA000E1796 /* Stonks */ = {
			isa = PBXGroup;
			children = (
				4E464F1C247636AA000E1796 /* AppDelegate.swift */,
				4E464F1E247636AA000E1796 /* SceneDelegate.swift */,
				4E464F20247636AA000E1796 /* ContentView.swift */,
				4E464F22247636AB000E1796 /* Assets.xcassets */,
				4E464F27247636AB000E1796 /* LaunchScreen.storyboard */,
				4E464F2A247636AB000E1796 /* Info.plist */,
				4E464F24247636AB000E1796 /* Preview Content */,
				4E464F4C247636CD000E1796 /* StockAPI.swift */,
			);
			path = Stonks;
			sourceTree = "<group>";
		};
		4E464F24247636AB000E1796 /* Preview Content */ = {
			isa = PBXGroup;
			children = (
				4E464F25247636AB000E1796 /* Preview Assets.xcassets */,
			);
			path = "Preview Content";
			sourceTree = "<group>";
		};
		4E464F32247636AB000E1796 /* StonksTests */ = {
			isa = PBXGroup;
			children = (
				4E464F33247636AB000E1796 /* StonksTests.swift */,
				4E464F35247636AB000E1796 /* Info.plist */,
			);
			path = StonksTests;
			sourceTree = "<group>";
		};
		4E464F3D247636AB000E1796 /* StonksUITests */ = {
			isa = PBXGroup;
			children = (
				4E464F3E247636AB000E1796 /* StonksUITests.swift */,
				4E464F40247636AB000E1796 /* Info.plist */,
			);
			path = StonksUITests;
			sourceTree = "<group>";
		};
/* End PBXGroup section */

/* Begin PBXNativeTarget section */
		4E464F18247636AA000E1796 /* Stonks */ = {
			isa = PBXNativeTarget;
			buildConfigurationList = 4E464F43247636AB000E1796 /* Build configuration list for PBXNativeTarget "Stonks" */;
			buildPhases = (
				4E464F15247636AA000E1796 /* Sources */,
				4E464F16247636AA000E1796 /* Frameworks */,
				4E464F17247636AA000E1796 /* Resources */,
			);
			buildRules = (
			);
			dependencies = (
			);
			name = Stonks;
			productName = Stonks;
			productReference = 4E464F19247636AA000E1796 /* Stonks.app */;
			productType = "com.apple.product-type.application";
		};
		4E464F2E247636AB000E1796 /* StonksTests */ = {
			isa = PBXNativeTarget;
			buildConfigurationList = 4E464F46247636AB000E1796 /* Build configuration list for PBXNativeTarget "StonksTests" */;
			buildPhases = (
				4E464F2B247636AB000E1796 /* Sources */,
				4E464F2C247636AB000E1796 /* Frameworks */,
				4E464F2D247636AB000E1796 /* Resources */,
			);
			buildRules = (
			);
			dependencies = (
				4E464F31247636AB000E1796 /* PBXTargetDependency */,
			);
			name = StonksTests;
			productName = StonksTests;
			productReference = 4E464F2F247636AB000E1796 /* StonksTests.xctest */;
			productType = "com.apple.product-type.bundle.unit-test";
		};
		4E464F39247636AB000E1796 /* StonksUITests */ = {
			isa = PBXNativeTarget;
			buildConfigurationList = 4E464F49247636AB000E1796 /* Build configuration list for PBXNativeTarget "StonksUITests" */;
			buildPhases = (
				4E464F36247636AB000E1796 /* Sources */,
				4E464F37247636AB000E1796 /* Frameworks */,
				4E464F38247636AB000E1796 /* Resources */,
			);
			buildRules = (
			);
			dependencies = (
				4E464F3C247636AB000E1796 /* PBXTargetDependency */,
			);
			name = StonksUITests;
			productName = StonksUITests;
			productReference = 4E464F3A247636AB000E1796 /* StonksUITests.xctest */;
			productType = "com.apple.product-type.bundle.ui-testing";
		};
/* End PBXNativeTarget section */

/* Begin PBXProject section */
		4E464F11247636AA000E1796 /* Project object */ = {
			isa = PBXProject;
			attributes = {
				LastSwiftUpdateCheck = 1150;
				LastUpgradeCheck = 1150;
				ORGANIZATIONNAME = "Nicholas Maccharoli";
				TargetAttributes = {
					4E464F18247636AA000E1796 = {
						CreatedOnToolsVersion = 11.5;
					};
					4E464F2E247636AB000E1796 = {
						CreatedOnToolsVersion = 11.5;
						TestTargetID = 4E464F18247636AA000E1796;
					};
					4E464F39247636AB000E1796 = {
						CreatedOnToolsVersion = 11.5;
						TestTargetID = 4E464F18247636AA000E1796;
					};
				};
			};
			buildConfigurationList = 4E464F14247636AA000E1796 /* Build configuration list for PBXProject "Stonks" */;
			compatibilityVersion = "Xcode 9.3";
			developmentRegion = en;
			hasScannedForEncodings = 0;
			knownRegions = (
				en,
				Base,
			);
			mainGroup = 4E464F10247636AA000E1796;
			productRefGroup = 4E464F1A247636AA000E1796 /* Products */;
			projectDirPath = "";
			projectRoot = "";
			targets = (
				4E464F18247636AA000E1796 /* Stonks */,
				4E464F2E247636AB000E1796 /* StonksTests */,
				4E464F39247636AB000E1796 /* StonksUITests */,
			);
		};
/* End PBXProject section */

/* Begin PBXResourcesBuildPhase section */
		4E464F17247636AA000E1796 /* Resources */ = {
			isa = PBXResourcesBuildPhase;
			buildActionMask = 2147483647;
			files = (
				4E464F29247636AB000E1796 /* LaunchScreen.storyboard in Resources */,
				4E464F26247636AB000E1796 /* Preview Assets.xcassets in Resources */,
				4E464F23247636AB000E1796 /* Assets.xcassets in Resources */,
			);
			runOnlyForDeploymentPostprocessing = 0;
		};
		4E464F2D247636AB000E1796 /* Resources */ = {
			isa = PBXResourcesBuildPhase;
			buildActionMask = 2147483647;
			files = (
			);
			runOnlyForDeploymentPostprocessing = 0;
		};
		4E464F38247636AB000E1796 /* Resources */ = {
			isa = PBXResourcesBuildPhase;
			buildActionMask = 2147483647;
			files = (
			);
			runOnlyForDeploymentPostprocessing = 0;
		};
/* End PBXResourcesBuildPhase section */

/* Begin PBXSourcesBuildPhase section */
		4E464F15247636AA000E1796 /* Sources */ = {
			isa = PBXSourcesBuildPhase;
			buildActionMask = 2147483647;
			files = (
				4E464F1D247636AA000E1796 /* AppDelegate.swift in Sources */,
				4E464F1F247636AA000E1796 /* SceneDelegate.swift in Sources */,
				4E464F21247636AA000E1796 /* ContentView.swift in Sources */,
				4E464F4D247636CD000E1796 /* StockAPI.swift in Sources */,
			);
			runOnlyForDeploymentPostprocessing = 0;
		};
		4E464F2B247636AB000E1796 /* Sources */ = {
			isa = PBXSourcesBuildPhase;
			buildActionMask = 2147483647;
			files = (
				4E464F34247636AB000E1796 /* StonksTests.swift in Sources */,
			);
			runOnlyForDeploymentPostprocessing = 0;
		};
		4E464F36247636AB000E1796 /* Sources */ = {
			isa = PBXSourcesBuildPhase;
			buildActionMask = 2147483647;
			files = (
				4E464F3F247636AB000E1796 /* StonksUITests.swift in Sources */,
			);
			runOnlyForDeploymentPostprocessing = 0;
		};
/* End PBXSourcesBuildPhase section */

/* Begin PBXTargetDependency section */
		4E464F31247636AB000E1796 /* PBXTargetDependency */ = {
			isa = PBXTargetDependency;
			target = 4E464F18247636AA000E1796 /* Stonks */;
			targetProxy = 4E464F30247636AB000E1796 /* PBXContainerItemProxy */;
		};
		4E464F3C247636AB000E1796 /* PBXTargetDependency */ = {
			isa = PBXTargetDependency;
			target = 4E464F18247636AA000E1796 /* Stonks */;
			targetProxy = 4E464F3B247636AB000E1796 /* PBXContainerItemProxy */;
		};
/* End PBXTargetDependency section */

/* Begin PBXVariantGroup section */
		4E464F27247636AB000E1796 /* LaunchScreen.storyboard */ = {
			isa = PBXVariantGroup;
			children = (
				4E464F28247636AB000E1796 /* Base */,
			);
			name = LaunchScreen.storyboard;
			sourceTree = "<group>";
		};
/* End PBXVariantGroup section */

/* Begin XCBuildConfiguration section */
		4E464F41247636AB000E1796 /* Debug */ = {
			isa = XCBuildConfiguration;
			buildSettings = {
				ALWAYS_SEARCH_USER_PATHS = NO;
				CLANG_ANALYZER_NONNULL = YES;
				CLANG_ANALYZER_NUMBER_OBJECT_CONVERSION = YES_AGGRESSIVE;
				CLANG_CXX_LANGUAGE_STANDARD = "gnu++14";
				CLANG_CXX_LIBRARY = "libc++";
				CLANG_ENABLE_MODULES = YES;
				CLANG_ENABLE_OBJC_ARC = YES;
				CLANG_ENABLE_OBJC_WEAK = YES;
				CLANG_WARN_BLOCK_CAPTURE_AUTORELEASING = YES;
				CLANG_WARN_BOOL_CONVERSION = YES;
				CLANG_WARN_COMMA = YES;
				CLANG_WARN_CONSTANT_CONVERSION = YES;
				CLANG_WARN_DEPRECATED_OBJC_IMPLEMENTATIONS = YES;
				CLANG_WARN_DIRECT_OBJC_ISA_USAGE = YES_ERROR;
				CLANG_WARN_DOCUMENTATION_COMMENTS = YES;
				CLANG_WARN_EMPTY_BODY = YES;
				CLANG_WARN_ENUM_CONVERSION = YES;
				CLANG_WARN_INFINITE_RECURSION = YES;
				CLANG_WARN_INT_CONVERSION = YES;
				CLANG_WARN_NON_LITERAL_NULL_CONVERSION = YES;
				CLANG_WARN_OBJC_IMPLICIT_RETAIN_SELF = YES;
				CLANG_WARN_OBJC_LITERAL_CONVERSION = YES;
				CLANG_WARN_OBJC_ROOT_CLASS = YES_ERROR;
				CLANG_WARN_RANGE_LOOP_ANALYSIS = YES;
				CLANG_WARN_STRICT_PROTOTYPES = YES;
				CLANG_WARN_SUSPICIOUS_MOVE = YES;
				CLANG_WARN_UNGUARDED_AVAILABILITY = YES_AGGRESSIVE;
				CLANG_WARN_UNREACHABLE_CODE = YES;
				CLANG_WARN__DUPLICATE_METHOD_MATCH = YES;
				COPY_PHASE_STRIP = NO;
				DEBUG_INFORMATION_FORMAT = dwarf;
				ENABLE_STRICT_OBJC_MSGSEND = YES;
				ENABLE_TESTABILITY = YES;
				GCC_C_LANGUAGE_STANDARD = gnu11;
				GCC_DYNAMIC_NO_PIC = NO;
				GCC_NO_COMMON_BLOCKS = YES;
				GCC_OPTIMIZATION_LEVEL = 0;
				GCC_PREPROCESSOR_DEFINITIONS = (
					"DEBUG=1",
					"$(inherited)",
				);
				GCC_WARN_64_TO_32_BIT_CONVERSION = YES;
				GCC_WARN_ABOUT_RETURN_TYPE = YES_ERROR;
				GCC_WARN_UNDECLARED_SELECTOR = YES;
				GCC_WARN_UNINITIALIZED_AUTOS = YES_AGGRESSIVE;
				GCC_WARN_UNUSED_FUNCTION = YES;
				GCC_WARN_UNUSED_VARIABLE = YES;
				IPHONEOS_DEPLOYMENT_TARGET = 13.5;
				MTL_ENABLE_DEBUG_INFO = INCLUDE_SOURCE;
				MTL_FAST_MATH = YES;
				ONLY_ACTIVE_ARCH = YES;
				SDKROOT = iphoneos;
				SWIFT_ACTIVE_COMPILATION_CONDITIONS = DEBUG;
				SWIFT_OPTIMIZATION_LEVEL = "-Onone";
			};
			name = Debug;
		};
		4E464F42247636AB000E1796 /* Release */ = {
			isa = XCBuildConfiguration;
			buildSettings = {
				ALWAYS_SEARCH_USER_PATHS = NO;
				CLANG_ANALYZER_NONNULL = YES;
				CLANG_ANALYZER_NUMBER_OBJECT_CONVERSION = YES_AGGRESSIVE;
				CLANG_CXX_LANGUAGE_STANDARD = "gnu++14";
				CLANG_CXX_LIBRARY = "libc++";
				CLANG_ENABLE_MODULES = YES;
				CLANG_ENABLE_OBJC_ARC = YES;
				CLANG_ENABLE_OBJC_WEAK = YES;
				CLANG_WARN_BLOCK_CAPTURE_AUTORELEASING = YES;
				CLANG_WARN_BOOL_CONVERSION = YES;
				CLANG_WARN_COMMA = YES;
				CLANG_WARN_CONSTANT_CONVERSION = YES;
				CLANG_WARN_DEPRECATED_OBJC_IMPLEMENTATIONS = YES;
				CLANG_WARN_DIRECT_OBJC_ISA_USAGE = YES_ERROR;
				CLANG_WARN_DOCUMENTATION_COMMENTS = YES;
				CLANG_WARN_EMPTY_BODY = YES;
				CLANG_WARN_ENUM_CONVERSION = YES;
				CLANG_WARN_INFINITE_RECURSION = YES;
				CLANG_WARN_INT_CONVERSION = YES;
				CLANG_WARN_NON_LITERAL_NULL_CONVERSION = YES;
				CLANG_WARN_OBJC_IMPLICIT_RETAIN_SELF = YES;
				CLANG_WARN_OBJC_LITERAL_CONVERSION = YES;
				CLANG_WARN_OBJC_ROOT_CLASS = YES_ERROR;
				CLANG_WARN_RANGE_LOOP_ANALYSIS = YES;
				CLANG_WARN_STRICT_PROTOTYPES = YES;
				CLANG_WARN_SUSPICIOUS_MOVE = YES;
				CLANG_WARN_UNGUARDED_AVAILABILITY = YES_AGGRESSIVE;
				CLANG_WARN_UNREACHABLE_CODE = YES;
				CLANG_WARN__DUPLICATE_METHOD_MATCH = YES;
				COPY_PHASE_STRIP = NO;
				DEBUG_INFORMATION_FORMAT = "dwarf-with-dsym";
				ENABLE_NS_ASSERTIONS = NO;
				ENABLE_STRICT_OBJC_MSGSEND = YES;
				GCC_C_LANGUAGE_STANDARD = gnu11;
				GCC_NO_COMMON_BLOCKS = YES;
				GCC_WARN_64_TO_32_BIT_CONVERSION = YES;
				GCC_WARN_ABOUT_RETURN_TYPE = YES_ERROR;
				GCC_WARN_UNDECLARED_SELECTOR = YES;
				GCC_WARN_UNINITIALIZED_AUTOS = YES_AGGRESSIVE;
				GCC_WARN_UNUSED_FUNCTION = YES;
				GCC_WARN_UNUSED_VARIABLE = YES;
				IPHONEOS_DEPLOYMENT_TARGET = 13.5;
				MTL_ENABLE_DEBUG_INFO = NO;
				MTL_FAST_MATH = YES;
				SDKROOT = iphoneos;
				SWIFT_COMPILATION_MODE = wholemodule;
				SWIFT_OPTIMIZATION_LEVEL = "-O";
				VALIDATE_PRODUCT = YES;
			};
			name = Release;
		};
		4E464F44247636AB000E1796 /* Debug */ = {
			isa = XCBuildConfiguration;
			buildSettings = {
				ASSETCATALOG_COMPILER_APPICON_NAME = AppIcon;
				CODE_SIGN_STYLE = Automatic;
				DEVELOPMENT_ASSET_PATHS = "\"Stonks/Preview Content\"";
				DEVELOPMENT_TEAM = 8U9652Y44J;
				ENABLE_PREVIEWS = YES;
				INFOPLIST_FILE = Stonks/Info.plist;
				LD_RUNPATH_SEARCH_PATHS = (
					"$(inherited)",
					"@executable_path/Frameworks",
				);
				PRODUCT_BUNDLE_IDENTIFIER = "com.screaming-cactus.Stonks";
				PRODUCT_NAME = "$(TARGET_NAME)";
				SWIFT_VERSION = 5.0;
				TARGETED_DEVICE_FAMILY = "1,2";
			};
			name = Debug;
		};
		4E464F45247636AB000E1796 /* Release */ = {
			isa = XCBuildConfiguration;
			buildSettings = {
				ASSETCATALOG_COMPILER_APPICON_NAME = AppIcon;
				CODE_SIGN_STYLE = Automatic;
				DEVELOPMENT_ASSET_PATHS = "\"Stonks/Preview Content\"";
				DEVELOPMENT_TEAM = 8U9652Y44J;
				ENABLE_PREVIEWS = YES;
				INFOPLIST_FILE = Stonks/Info.plist;
				LD_RUNPATH_SEARCH_PATHS = (
					"$(inherited)",
					"@executable_path/Frameworks",
				);
				PRODUCT_BUNDLE_IDENTIFIER = "com.screaming-cactus.Stonks";
				PRODUCT_NAME = "$(TARGET_NAME)";
				SWIFT_VERSION = 5.0;
				TARGETED_DEVICE_FAMILY = "1,2";
			};
			name = Release;
		};
		4E464F47247636AB000E1796 /* Debug */ = {
			isa = XCBuildConfiguration;
			buildSettings = {
				ALWAYS_EMBED_SWIFT_STANDARD_LIBRARIES = YES;
				BUNDLE_LOADER = "$(TEST_HOST)";
				CODE_SIGN_STYLE = Automatic;
				DEVELOPMENT_TEAM = 8U9652Y44J;
				INFOPLIST_FILE = StonksTests/Info.plist;
				IPHONEOS_DEPLOYMENT_TARGET = 13.5;
				LD_RUNPATH_SEARCH_PATHS = (
					"$(inherited)",
					"@executable_path/Frameworks",
					"@loader_path/Frameworks",
				);
				PRODUCT_BUNDLE_IDENTIFIER = "com.screaming-cactus.StonksTests";
				PRODUCT_NAME = "$(TARGET_NAME)";
				SWIFT_VERSION = 5.0;
				TARGETED_DEVICE_FAMILY = "1,2";
				TEST_HOST = "$(BUILT_PRODUCTS_DIR)/Stonks.app/Stonks";
			};
			name = Debug;
		};
		4E464F48247636AB000E1796 /* Release */ = {
			isa = XCBuildConfiguration;
			buildSettings = {
				ALWAYS_EMBED_SWIFT_STANDARD_LIBRARIES = YES;
				BUNDLE_LOADER = "$(TEST_HOST)";
				CODE_SIGN_STYLE = Automatic;
				DEVELOPMENT_TEAM = 8U9652Y44J;
				INFOPLIST_FILE = StonksTests/Info.plist;
				IPHONEOS_DEPLOYMENT_TARGET = 13.5;
				LD_RUNPATH_SEARCH_PATHS = (
					"$(inherited)",
					"@executable_path/Frameworks",
					"@loader_path/Frameworks",
				);
				PRODUCT_BUNDLE_IDENTIFIER = "com.screaming-cactus.StonksTests";
				PRODUCT_NAME = "$(TARGET_NAME)";
				SWIFT_VERSION = 5.0;
				TARGETED_DEVICE_FAMILY = "1,2";
				TEST_HOST = "$(BUILT_PRODUCTS_DIR)/Stonks.app/Stonks";
			};
			name = Release;
		};
		4E464F4A247636AB000E1796 /* Debug */ = {
			isa = XCBuildConfiguration;
			buildSettings = {
				ALWAYS_EMBED_SWIFT_STANDARD_LIBRARIES = YES;
				CODE_SIGN_STYLE = Automatic;
				DEVELOPMENT_TEAM = 8U9652Y44J;
				INFOPLIST_FILE = StonksUITests/Info.plist;
				LD_RUNPATH_SEARCH_PATHS = (
					"$(inherited)",
					"@executable_path/Frameworks",
					"@loader_path/Frameworks",
				);
				PRODUCT_BUNDLE_IDENTIFIER = "com.screaming-cactus.StonksUITests";
				PRODUCT_NAME = "$(TARGET_NAME)";
				SWIFT_VERSION = 5.0;
				TARGETED_DEVICE_FAMILY = "1,2";
				TEST_TARGET_NAME = Stonks;
			};
			name = Debug;
		};
		4E464F4B247636AB000E1796 /* Release */ = {
			isa = XCBuildConfiguration;
			buildSettings = {
				ALWAYS_EMBED_SWIFT_STANDARD_LIBRARIES = YES;
				CODE_SIGN_STYLE = Automatic;
				DEVELOPMENT_TEAM = 8U9652Y44J;
				INFOPLIST_FILE = StonksUITests/Info.plist;
				LD_RUNPATH_SEARCH_PATHS = (
					"$(inherited)",
					"@executable_path/Frameworks",
					"@loader_path/Frameworks",
				);
				PRODUCT_BUNDLE_IDENTIFIER = "com.screaming-cactus.StonksUITests";
				PRODUCT_NAME = "$(TARGET_NAME)";
				SWIFT_VERSION = 5.0;
				TARGETED_DEVICE_FAMILY = "1,2";
				TEST_TARGET_NAME = Stonks;
			};
			name = Release;
		};
/* End XCBuildConfiguration section */

/* Begin XCConfigurationList section */
		4E464F14247636AA000E1796 /* Build configuration list for PBXProject "Stonks" */ = {
			isa = XCConfigurationList;
			buildConfigurations = (
				4E464F41247636AB000E1796 /* Debug */,
				4E464F42247636AB000E1796 /* Release */,
			);
			defaultConfigurationIsVisible = 0;
			defaultConfigurationName = Release;
		};
		4E464F43247636AB000E1796 /* Build configuration list for PBXNativeTarget "Stonks" */ = {
			isa = XCConfigurationList;
			buildConfigurations = (
				4E464F44247636AB000E1796 /* Debug */,
				4E464F45247636AB000E1796 /* Release */,
			);
			defaultConfigurationIsVisible = 0;
			defaultConfigurationName = Release;
		};
		4E464F46247636AB000E1796 /* Build configuration list for PBXNativeTarget "StonksTests" */ = {
			isa = XCConfigurationList;
			buildConfigurations = (
				4E464F47247636AB000E1796 /* Debug */,
				4E464F48247636AB000E1796 /* Release */,
			);
			defaultConfigurationIsVisible = 0;
			defaultConfigurationName = Release;
		};
		4E464F49247636AB000E1796 /* Build configuration list for PBXNativeTarget "StonksUITests" */ = {
			isa = XCConfigurationList;
			buildConfigurations = (
				4E464F4A247636AB000E1796 /* Debug */,
				4E464F4B247636AB000E1796 /* Release */,
			);
			defaultConfigurationIsVisible = 0;
			defaultConfigurationName = Release;
		};
/* End XCConfigurationList section */
	};
	rootObject = 4E464F11247636AA000E1796 /* Project object */;
}
